// !$*UTF8*$!
{
	archiveVersion = 1;
	classes = {
	};
	objectVersion = 46;
	objects = {

/* Begin PBXBuildFile section */
		8E004DA91DDD7FCC00E82C04 /* AppDelegate.swift in Sources */ = {isa = PBXBuildFile; fileRef = 8E004DA81DDD7FCC00E82C04 /* AppDelegate.swift */; };
		8E004DAB1DDD7FCC00E82C04 /* ViewController.swift in Sources */ = {isa = PBXBuildFile; fileRef = 8E004DAA1DDD7FCC00E82C04 /* ViewController.swift */; };
		8E004DAE1DDD7FCC00E82C04 /* Main.storyboard in Resources */ = {isa = PBXBuildFile; fileRef = 8E004DAC1DDD7FCC00E82C04 /* Main.storyboard */; };
		8E004DB01DDD7FCC00E82C04 /* Assets.xcassets in Resources */ = {isa = PBXBuildFile; fileRef = 8E004DAF1DDD7FCC00E82C04 /* Assets.xcassets */; };
		8E004DB31DDD7FCC00E82C04 /* LaunchScreen.storyboard in Resources */ = {isa = PBXBuildFile; fileRef = 8E004DB11DDD7FCC00E82C04 /* LaunchScreen.storyboard */; };
		8E004DBE1DDD7FCC00E82C04 /* AccordionTests.swift in Sources */ = {isa = PBXBuildFile; fileRef = 8E004DBD1DDD7FCC00E82C04 /* AccordionTests.swift */; };
		8E004DC91DDD7FCC00E82C04 /* AccordionUITests.swift in Sources */ = {isa = PBXBuildFile; fileRef = 8E004DC81DDD7FCC00E82C04 /* AccordionUITests.swift */; };
		8E004DD91DDD88D300E82C04 /* CustomCell.swift in Sources */ = {isa = PBXBuildFile; fileRef = 8E004DD81DDD88D300E82C04 /* CustomCell.swift */; };
		8E3AABC81E0262A90007BFC2 /* TableSectionHeader.xib in Resources */ = {isa = PBXBuildFile; fileRef = 8E3AABC71E0262A90007BFC2 /* TableSectionHeader.xib */; };
		8E3AABCA1E0263E70007BFC2 /* SectionHeader.swift in Sources */ = {isa = PBXBuildFile; fileRef = 8E3AABC91E0263E70007BFC2 /* SectionHeader.swift */; };
/* End PBXBuildFile section */

/* Begin PBXContainerItemProxy section */
		8E004DBA1DDD7FCC00E82C04 /* PBXContainerItemProxy */ = {
			isa = PBXContainerItemProxy;
			containerPortal = 8E004D9D1DDD7FCC00E82C04 /* Project object */;
			proxyType = 1;
			remoteGlobalIDString = 8E004DA41DDD7FCC00E82C04;
			remoteInfo = Accordion;
		};
		8E004DC51DDD7FCC00E82C04 /* PBXContainerItemProxy */ = {
			isa = PBXContainerItemProxy;
			containerPortal = 8E004D9D1DDD7FCC00E82C04 /* Project object */;
			proxyType = 1;
			remoteGlobalIDString = 8E004DA41DDD7FCC00E82C04;
			remoteInfo = Accordion;
		};
/* End PBXContainerItemProxy section */

/* Begin PBXFileReference section */
		8E004DA51DDD7FCC00E82C04 /* Accordion.app */ = {isa = PBXFileReference; explicitFileType = wrapper.application; includeInIndex = 0; path = Accordion.app; sourceTree = BUILT_PRODUCTS_DIR; };
		8E004DA81DDD7FCC00E82C04 /* AppDelegate.swift */ = {isa = PBXFileReference; lastKnownFileType = sourcecode.swift; path = AppDelegate.swift; sourceTree = "<group>"; };
		8E004DAA1DDD7FCC00E82C04 /* ViewController.swift */ = {isa = PBXFileReference; lastKnownFileType = sourcecode.swift; path = ViewController.swift; sourceTree = "<group>"; };
		8E004DAD1DDD7FCC00E82C04 /* Base */ = {isa = PBXFileReference; lastKnownFileType = file.storyboard; name = Base; path = Base.lproj/Main.storyboard; sourceTree = "<group>"; };
		8E004DAF1DDD7FCC00E82C04 /* Assets.xcassets */ = {isa = PBXFileReference; lastKnownFileType = folder.assetcatalog; path = Assets.xcassets; sourceTree = "<group>"; };
		8E004DB21DDD7FCC00E82C04 /* Base */ = {isa = PBXFileReference; lastKnownFileType = file.storyboard; name = Base; path = Base.lproj/LaunchScreen.storyboard; sourceTree = "<group>"; };
		8E004DB41DDD7FCC00E82C04 /* Info.plist */ = {isa = PBXFileReference; lastKnownFileType = text.plist.xml; path = Info.plist; sourceTree = "<group>"; };
		8E004DB91DDD7FCC00E82C04 /* AccordionTests.xctest */ = {isa = PBXFileReference; explicitFileType = wrapper.cfbundle; includeInIndex = 0; path = AccordionTests.xctest; sourceTree = BUILT_PRODUCTS_DIR; };
		8E004DBD1DDD7FCC00E82C04 /* AccordionTests.swift */ = {isa = PBXFileReference; lastKnownFileType = sourcecode.swift; path = AccordionTests.swift; sourceTree = "<group>"; };
		8E004DBF1DDD7FCC00E82C04 /* Info.plist */ = {isa = PBXFileReference; lastKnownFileType = text.plist.xml; path = Info.plist; sourceTree = "<group>"; };
		8E004DC41DDD7FCC00E82C04 /* AccordionUITests.xctest */ = {isa = PBXFileReference; explicitFileType = wrapper.cfbundle; includeInIndex = 0; path = AccordionUITests.xctest; sourceTree = BUILT_PRODUCTS_DIR; };
		8E004DC81DDD7FCC00E82C04 /* AccordionUITests.swift */ = {isa = PBXFileReference; lastKnownFileType = sourcecode.swift; path = AccordionUITests.swift; sourceTree = "<group>"; };
		8E004DCA1DDD7FCC00E82C04 /* Info.plist */ = {isa = PBXFileReference; lastKnownFileType = text.plist.xml; path = Info.plist; sourceTree = "<group>"; };
		8E004DD81DDD88D300E82C04 /* CustomCell.swift */ = {isa = PBXFileReference; fileEncoding = 4; lastKnownFileType = sourcecode.swift; path = CustomCell.swift; sourceTree = "<group>"; };
		8E3AABC71E0262A90007BFC2 /* TableSectionHeader.xib */ = {isa = PBXFileReference; fileEncoding = 4; lastKnownFileType = file.xib; name = TableSectionHeader.xib; path = ../../../aq/oemvsdm/OemVSDM/UI/TableSectionHeader.xib; sourceTree = "<group>"; };
		8E3AABC91E0263E70007BFC2 /* SectionHeader.swift */ = {isa = PBXFileReference; fileEncoding = 4; lastKnownFileType = sourcecode.swift; path = SectionHeader.swift; sourceTree = "<group>"; };
/* End PBXFileReference section */

/* Begin PBXFrameworksBuildPhase section */
		8E004DA21DDD7FCC00E82C04 /* Frameworks */ = {
			isa = PBXFrameworksBuildPhase;
			buildActionMask = 2147483647;
			files = (
			);
			runOnlyForDeploymentPostprocessing = 0;
		};
		8E004DB61DDD7FCC00E82C04 /* Frameworks */ = {
			isa = PBXFrameworksBuildPhase;
			buildActionMask = 2147483647;
			files = (
			);
			runOnlyForDeploymentPostprocessing = 0;
		};
		8E004DC11DDD7FCC00E82C04 /* Frameworks */ = {
			isa = PBXFrameworksBuildPhase;
			buildActionMask = 2147483647;
			files = (
			);
			runOnlyForDeploymentPostprocessing = 0;
		};
/* End PBXFrameworksBuildPhase section */

/* Begin PBXGroup section */
		8E004D9C1DDD7FCC00E82C04 = {
			isa = PBXGroup;
			children = (
				8E004DA71DDD7FCC00E82C04 /* Accordion */,
				8E004DBC1DDD7FCC00E82C04 /* AccordionTests */,
				8E004DC71DDD7FCC00E82C04 /* AccordionUITests */,
				8E004DA61DDD7FCC00E82C04 /* Products */,
			);
			sourceTree = "<group>";
		};
		8E004DA61DDD7FCC00E82C04 /* Products */ = {
			isa = PBXGroup;
			children = (
				8E004DA51DDD7FCC00E82C04 /* Accordion.app */,
				8E004DB91DDD7FCC00E82C04 /* AccordionTests.xctest */,
				8E004DC41DDD7FCC00E82C04 /* AccordionUITests.xctest */,
			);
			name = Products;
			sourceTree = "<group>";
		};
		8E004DA71DDD7FCC00E82C04 /* Accordion */ = {
			isa = PBXGroup;
			children = (
				8E3AABC71E0262A90007BFC2 /* TableSectionHeader.xib */,
				8E004DA81DDD7FCC00E82C04 /* AppDelegate.swift */,
				8E004DAA1DDD7FCC00E82C04 /* ViewController.swift */,
				8E004DAC1DDD7FCC00E82C04 /* Main.storyboard */,
				8E004DAF1DDD7FCC00E82C04 /* Assets.xcassets */,
				8E004DB11DDD7FCC00E82C04 /* LaunchScreen.storyboard */,
				8E004DB41DDD7FCC00E82C04 /* Info.plist */,
				8E004DD81DDD88D300E82C04 /* CustomCell.swift */,
				8E3AABC91E0263E70007BFC2 /* SectionHeader.swift */,
			);
			path = Accordion;
			sourceTree = "<group>";
		};
		8E004DBC1DDD7FCC00E82C04 /* AccordionTests */ = {
			isa = PBXGroup;
			children = (
				8E004DBD1DDD7FCC00E82C04 /* AccordionTests.swift */,
				8E004DBF1DDD7FCC00E82C04 /* Info.plist */,
			);
			path = AccordionTests;
			sourceTree = "<group>";
		};
		8E004DC71DDD7FCC00E82C04 /* AccordionUITests */ = {
			isa = PBXGroup;
			children = (
				8E004DC81DDD7FCC00E82C04 /* AccordionUITests.swift */,
				8E004DCA1DDD7FCC00E82C04 /* Info.plist */,
			);
			path = AccordionUITests;
			sourceTree = "<group>";
		};
/* End PBXGroup section */

/* Begin PBXNativeTarget section */
		8E004DA41DDD7FCC00E82C04 /* Accordion */ = {
			isa = PBXNativeTarget;
			buildConfigurationList = 8E004DCD1DDD7FCC00E82C04 /* Build configuration list for PBXNativeTarget "Accordion" */;
			buildPhases = (
				8E004DA11DDD7FCC00E82C04 /* Sources */,
				8E004DA21DDD7FCC00E82C04 /* Frameworks */,
				8E004DA31DDD7FCC00E82C04 /* Resources */,
			);
			buildRules = (
			);
			dependencies = (
			);
			name = Accordion;
			productName = Accordion;
			productReference = 8E004DA51DDD7FCC00E82C04 /* Accordion.app */;
			productType = "com.apple.product-type.application";
		};
		8E004DB81DDD7FCC00E82C04 /* AccordionTests */ = {
			isa = PBXNativeTarget;
			buildConfigurationList = 8E004DD01DDD7FCC00E82C04 /* Build configuration list for PBXNativeTarget "AccordionTests" */;
			buildPhases = (
				8E004DB51DDD7FCC00E82C04 /* Sources */,
				8E004DB61DDD7FCC00E82C04 /* Frameworks */,
				8E004DB71DDD7FCC00E82C04 /* Resources */,
			);
			buildRules = (
			);
			dependencies = (
				8E004DBB1DDD7FCC00E82C04 /* PBXTargetDependency */,
			);
			name = AccordionTests;
			productName = AccordionTests;
			productReference = 8E004DB91DDD7FCC00E82C04 /* AccordionTests.xctest */;
			productType = "com.apple.product-type.bundle.unit-test";
		};
		8E004DC31DDD7FCC00E82C04 /* AccordionUITests */ = {
			isa = PBXNativeTarget;
			buildConfigurationList = 8E004DD31DDD7FCC00E82C04 /* Build configuration list for PBXNativeTarget "AccordionUITests" */;
			buildPhases = (
				8E004DC01DDD7FCC00E82C04 /* Sources */,
				8E004DC11DDD7FCC00E82C04 /* Frameworks */,
				8E004DC21DDD7FCC00E82C04 /* Resources */,
			);
			buildRules = (
			);
			dependencies = (
				8E004DC61DDD7FCC00E82C04 /* PBXTargetDependency */,
			);
			name = AccordionUITests;
			productName = AccordionUITests;
			productReference = 8E004DC41DDD7FCC00E82C04 /* AccordionUITests.xctest */;
			productType = "com.apple.product-type.bundle.ui-testing";
		};
/* End PBXNativeTarget section */

/* Begin PBXProject section */
		8E004D9D1DDD7FCC00E82C04 /* Project object */ = {
			isa = PBXProject;
			attributes = {
				LastSwiftUpdateCheck = 0810;
				LastUpgradeCheck = 0810;
				ORGANIZATIONNAME = asirotenko;
				TargetAttributes = {
					8E004DA41DDD7FCC00E82C04 = {
						CreatedOnToolsVersion = 8.1;
						DevelopmentTeam = XXLM2D5J7V;
						ProvisioningStyle = Automatic;
					};
					8E004DB81DDD7FCC00E82C04 = {
						CreatedOnToolsVersion = 8.1;
						ProvisioningStyle = Automatic;
						TestTargetID = 8E004DA41DDD7FCC00E82C04;
					};
					8E004DC31DDD7FCC00E82C04 = {
						CreatedOnToolsVersion = 8.1;
						ProvisioningStyle = Automatic;
						TestTargetID = 8E004DA41DDD7FCC00E82C04;
					};
				};
			};
			buildConfigurationList = 8E004DA01DDD7FCC00E82C04 /* Build configuration list for PBXProject "Accordion" */;
			compatibilityVersion = "Xcode 3.2";
			developmentRegion = English;
			hasScannedForEncodings = 0;
			knownRegions = (
				en,
				Base,
			);
			mainGroup = 8E004D9C1DDD7FCC00E82C04;
			productRefGroup = 8E004DA61DDD7FCC00E82C04 /* Products */;
			projectDirPath = "";
			projectRoot = "";
			targets = (
				8E004DA41DDD7FCC00E82C04 /* Accordion */,
				8E004DB81DDD7FCC00E82C04 /* AccordionTests */,
				8E004DC31DDD7FCC00E82C04 /* AccordionUITests */,
			);
		};
/* End PBXProject section */

/* Begin PBXResourcesBuildPhase section */
		8E004DA31DDD7FCC00E82C04 /* Resources */ = {
			isa = PBXResourcesBuildPhase;
			buildActionMask = 2147483647;
			files = (
				8E004DB31DDD7FCC00E82C04 /* LaunchScreen.storyboard in Resources */,
				8E3AABC81E0262A90007BFC2 /* TableSectionHeader.xib in Resources */,
				8E004DB01DDD7FCC00E82C04 /* Assets.xcassets in Resources */,
				8E004DAE1DDD7FCC00E82C04 /* Main.storyboard in Resources */,
			);
			runOnlyForDeploymentPostprocessing = 0;
		};
		8E004DB71DDD7FCC00E82C04 /* Resources */ = {
			isa = PBXResourcesBuildPhase;
			buildActionMask = 2147483647;
			files = (
			);
			runOnlyForDeploymentPostprocessing = 0;
		};
		8E004DC21DDD7FCC00E82C04 /* Resources */ = {
			isa = PBXResourcesBuildPhase;
			buildActionMask = 2147483647;
			files = (
			);
			runOnlyForDeploymentPostprocessing = 0;
		};
/* End PBXResourcesBuildPhase section */

/* Begin PBXSourcesBuildPhase section */
		8E004DA11DDD7FCC00E82C04 /* Sources */ = {
			isa = PBXSourcesBuildPhase;
			buildActionMask = 2147483647;
			files = (
				8E3AABCA1E0263E70007BFC2 /* SectionHeader.swift in Sources */,
				8E004DAB1DDD7FCC00E82C04 /* ViewController.swift in Sources */,
				8E004DD91DDD88D300E82C04 /* CustomCell.swift in Sources */,
				8E004DA91DDD7FCC00E82C04 /* AppDelegate.swift in Sources */,
			);
			runOnlyForDeploymentPostprocessing = 0;
		};
		8E004DB51DDD7FCC00E82C04 /* Sources */ = {
			isa = PBXSourcesBuildPhase;
			buildActionMask = 2147483647;
			files = (
				8E004DBE1DDD7FCC00E82C04 /* AccordionTests.swift in Sources */,
			);
			runOnlyForDeploymentPostprocessing = 0;
		};
		8E004DC01DDD7FCC00E82C04 /* Sources */ = {
			isa = PBXSourcesBuildPhase;
			buildActionMask = 2147483647;
			files = (
				8E004DC91DDD7FCC00E82C04 /* AccordionUITests.swift in Sources */,
			);
			runOnlyForDeploymentPostprocessing = 0;
		};
/* End PBXSourcesBuildPhase section */

/* Begin PBXTargetDependency section */
		8E004DBB1DDD7FCC00E82C04 /* PBXTargetDependency */ = {
			isa = PBXTargetDependency;
			target = 8E004DA41DDD7FCC00E82C04 /* Accordion */;
			targetProxy = 8E004DBA1DDD7FCC00E82C04 /* PBXContainerItemProxy */;
		};
		8E004DC61DDD7FCC00E82C04 /* PBXTargetDependency */ = {
			isa = PBXTargetDependency;
			target = 8E004DA41DDD7FCC00E82C04 /* Accordion */;
			targetProxy = 8E004DC51DDD7FCC00E82C04 /* PBXContainerItemProxy */;
		};
/* End PBXTargetDependency section */

/* Begin PBXVariantGroup section */
		8E004DAC1DDD7FCC00E82C04 /* Main.storyboard */ = {
			isa = PBXVariantGroup;
			children = (
				8E004DAD1DDD7FCC00E82C04 /* Base */,
			);
			name = Main.storyboard;
			sourceTree = "<group>";
		};
		8E004DB11DDD7FCC00E82C04 /* LaunchScreen.storyboard */ = {
			isa = PBXVariantGroup;
			children = (
				8E004DB21DDD7FCC00E82C04 /* Base */,
			);
			name = LaunchScreen.storyboard;
			sourceTree = "<group>";
		};
/* End PBXVariantGroup section */

/* Begin XCBuildConfiguration section */
		8E004DCB1DDD7FCC00E82C04 /* Debug */ = {
			isa = XCBuildConfiguration;
			buildSettings = {
				ALWAYS_SEARCH_USER_PATHS = NO;
				CLANG_ANALYZER_NONNULL = YES;
				CLANG_CXX_LANGUAGE_STANDARD = "gnu++0x";
				CLANG_CXX_LIBRARY = "libc++";
				CLANG_ENABLE_MODULES = YES;
				CLANG_ENABLE_OBJC_ARC = YES;
				CLANG_WARN_BOOL_CONVERSION = YES;
				CLANG_WARN_CONSTANT_CONVERSION = YES;
				CLANG_WARN_DIRECT_OBJC_ISA_USAGE = YES_ERROR;
				CLANG_WARN_DOCUMENTATION_COMMENTS = YES;
				CLANG_WARN_EMPTY_BODY = YES;
				CLANG_WARN_ENUM_CONVERSION = YES;
				CLANG_WARN_INFINITE_RECURSION = YES;
				CLANG_WARN_INT_CONVERSION = YES;
				CLANG_WARN_OBJC_ROOT_CLASS = YES_ERROR;
				CLANG_WARN_SUSPICIOUS_MOVES = YES;
				CLANG_WARN_UNREACHABLE_CODE = YES;
				CLANG_WARN__DUPLICATE_METHOD_MATCH = YES;
				"CODE_SIGN_IDENTITY[sdk=iphoneos*]" = "iPhone Developer";
				COPY_PHASE_STRIP = NO;
				DEBUG_INFORMATION_FORMAT = dwarf;
				ENABLE_STRICT_OBJC_MSGSEND = YES;
				ENABLE_TESTABILITY = YES;
				GCC_C_LANGUAGE_STANDARD = gnu99;
				GCC_DYNAMIC_NO_PIC = NO;
				GCC_NO_COMMON_BLOCKS = YES;
				GCC_OPTIMIZATION_LEVEL = 0;
				GCC_PREPROCESSOR_DEFINITIONS = (
					"DEBUG=1",
					"$(inherited)",
				);
				GCC_WARN_64_TO_32_BIT_CONVERSION = YES;
				GCC_WARN_ABOUT_RETURN_TYPE = YES_ERROR;
				GCC_WARN_UNDECLARED_SELECTOR = YES;
				GCC_WARN_UNINITIALIZED_AUTOS = YES_AGGRESSIVE;
				GCC_WARN_UNUSED_FUNCTION = YES;
				GCC_WARN_UNUSED_VARIABLE = YES;
				IPHONEOS_DEPLOYMENT_TARGET = 10.1;
				MTL_ENABLE_DEBUG_INFO = YES;
				ONLY_ACTIVE_ARCH = YES;
				SDKROOT = iphoneos;
				SWIFT_ACTIVE_COMPILATION_CONDITIONS = DEBUG;
				SWIFT_OPTIMIZATION_LEVEL = "-Onone";
				TARGETED_DEVICE_FAMILY = "1,2";
			};
			name = Debug;
		};
		8E004DCC1DDD7FCC00E82C04 /* Release */ = {
			isa = XCBuildConfiguration;
			buildSettings = {
				ALWAYS_SEARCH_USER_PATHS = NO;
				CLANG_ANALYZER_NONNULL = YES;
				CLANG_CXX_LANGUAGE_STANDARD = "gnu++0x";
				CLANG_CXX_LIBRARY = "libc++";
				CLANG_ENABLE_MODULES = YES;
				CLANG_ENABLE_OBJC_ARC = YES;
				CLANG_WARN_BOOL_CONVERSION = YES;
				CLANG_WARN_CONSTANT_CONVERSION = YES;
				CLANG_WARN_DIRECT_OBJC_ISA_USAGE = YES_ERROR;
				CLANG_WARN_DOCUMENTATION_COMMENTS = YES;
				CLANG_WARN_EMPTY_BODY = YES;
				CLANG_WARN_ENUM_CONVERSION = YES;
				CLANG_WARN_INFINITE_RECURSION = YES;
				CLANG_WARN_INT_CONVERSION = YES;
				CLANG_WARN_OBJC_ROOT_CLASS = YES_ERROR;
				CLANG_WARN_SUSPICIOUS_MOVES = YES;
				CLANG_WARN_UNREACHABLE_CODE = YES;
				CLANG_WARN__DUPLICATE_METHOD_MATCH = YES;
				"CODE_SIGN_IDENTITY[sdk=iphoneos*]" = "iPhone Developer";
				COPY_PHASE_STRIP = NO;
				DEBUG_INFORMATION_FORMAT = "dwarf-with-dsym";
				ENABLE_NS_ASSERTIONS = NO;
				ENABLE_STRICT_OBJC_MSGSEND = YES;
				GCC_C_LANGUAGE_STANDARD = gnu99;
				GCC_NO_COMMON_BLOCKS = YES;
				GCC_WARN_64_TO_32_BIT_CONVERSION = YES;
				GCC_WARN_ABOUT_RETURN_TYPE = YES_ERROR;
				GCC_WARN_UNDECLARED_SELECTOR = YES;
				GCC_WARN_UNINITIALIZED_AUTOS = YES_AGGRESSIVE;
				GCC_WARN_UNUSED_FUNCTION = YES;
				GCC_WARN_UNUSED_VARIABLE = YES;
				IPHONEOS_DEPLOYMENT_TARGET = 10.1;
				MTL_ENABLE_DEBUG_INFO = NO;
				SDKROOT = iphoneos;
				SWIFT_OPTIMIZATION_LEVEL = "-Owholemodule";
				TARGETED_DEVICE_FAMILY = "1,2";
				VALIDATE_PRODUCT = YES;
			};
			name = Release;
		};
		8E004DCE1DDD7FCC00E82C04 /* Debug */ = {
			isa = XCBuildConfiguration;
			buildSettings = {
				ASSETCATALOG_COMPILER_APPICON_NAME = AppIcon;
				DEVELOPMENT_TEAM = XXLM2D5J7V;
				INFOPLIST_FILE = Accordion/Info.plist;
				LD_RUNPATH_SEARCH_PATHS = "$(inherited) @executable_path/Frameworks";
				PRODUCT_BUNDLE_IDENTIFIER = airbiquity.Accordion;
				PRODUCT_NAME = "$(TARGET_NAME)";
				SWIFT_VERSION = 3.0;
			};
			name = Debug;
		};
		8E004DCF1DDD7FCC00E82C04 /* Release */ = {
			isa = XCBuildConfiguration;
			buildSettings = {
				ASSETCATALOG_COMPILER_APPICON_NAME = AppIcon;
				DEVELOPMENT_TEAM = XXLM2D5J7V;
				INFOPLIST_FILE = Accordion/Info.plist;
				LD_RUNPATH_SEARCH_PATHS = "$(inherited) @executable_path/Frameworks";
				PRODUCT_BUNDLE_IDENTIFIER = airbiquity.Accordion;
				PRODUCT_NAME = "$(TARGET_NAME)";
				SWIFT_VERSION = 3.0;
			};
			name = Release;
		};
		8E004DD11DDD7FCC00E82C04 /* Debug */ = {
			isa = XCBuildConfiguration;
			buildSettings = {
				ALWAYS_EMBED_SWIFT_STANDARD_LIBRARIES = YES;
				BUNDLE_LOADER = "$(TEST_HOST)";
				INFOPLIST_FILE = AccordionTests/Info.plist;
				LD_RUNPATH_SEARCH_PATHS = "$(inherited) @executable_path/Frameworks @loader_path/Frameworks";
				PRODUCT_BUNDLE_IDENTIFIER = airbiquity.AccordionTests;
				PRODUCT_NAME = "$(TARGET_NAME)";
				SWIFT_VERSION = 3.0;
				TEST_HOST = "$(BUILT_PRODUCTS_DIR)/Accordion.app/Accordion";
			};
			name = Debug;
		};
		8E004DD21DDD7FCC00E82C04 /* Release */ = {
			isa = XCBuildConfiguration;
			buildSettings = {
				ALWAYS_EMBED_SWIFT_STANDARD_LIBRARIES = YES;
				BUNDLE_LOADER = "$(TEST_HOST)";
				INFOPLIST_FILE = AccordionTests/Info.plist;
				LD_RUNPATH_SEARCH_PATHS = "$(inherited) @executable_path/Frameworks @loader_path/Frameworks";
				PRODUCT_BUNDLE_IDENTIFIER = airbiquity.AccordionTests;
				PRODUCT_NAME = "$(TARGET_NAME)";
				SWIFT_VERSION = 3.0;
				TEST_HOST = "$(BUILT_PRODUCTS_DIR)/Accordion.app/Accordion";
			};
			name = Release;
		};
		8E004DD41DDD7FCC00E82C04 /* Debug */ = {
			isa = XCBuildConfiguration;
			buildSettings = {
				ALWAYS_EMBED_SWIFT_STANDARD_LIBRARIES = YES;
				INFOPLIST_FILE = AccordionUITests/Info.plist;
				LD_RUNPATH_SEARCH_PATHS = "$(inherited) @executable_path/Frameworks @loader_path/Frameworks";
				PRODUCT_BUNDLE_IDENTIFIER = airbiquity.AccordionUITests;
				PRODUCT_NAME = "$(TARGET_NAME)";
				SWIFT_VERSION = 3.0;
				TEST_TARGET_NAME = Accordion;
			};
			name = Debug;
		};
		8E004DD51DDD7FCC00E82C04 /* Release */ = {
			isa = XCBuildConfiguration;
			buildSettings = {
				ALWAYS_EMBED_SWIFT_STANDARD_LIBRARIES = YES;
				INFOPLIST_FILE = AccordionUITests/Info.plist;
				LD_RUNPATH_SEARCH_PATHS = "$(inherited) @executable_path/Frameworks @loader_path/Frameworks";
				PRODUCT_BUNDLE_IDENTIFIER = airbiquity.AccordionUITests;
				PRODUCT_NAME = "$(TARGET_NAME)";
				SWIFT_VERSION = 3.0;
				TEST_TARGET_NAME = Accordion;
			};
			name = Release;
		};
/* End XCBuildConfiguration section */

/* Begin XCConfigurationList section */
		8E004DA01DDD7FCC00E82C04 /* Build configuration list for PBXProject "Accordion" */ = {
			isa = XCConfigurationList;
			buildConfigurations = (
				8E004DCB1DDD7FCC00E82C04 /* Debug */,
				8E004DCC1DDD7FCC00E82C04 /* Release */,
			);
			defaultConfigurationIsVisible = 0;
			defaultConfigurationName = Release;
		};
		8E004DCD1DDD7FCC00E82C04 /* Build configuration list for PBXNativeTarget "Accordion" */ = {
			isa = XCConfigurationList;
			buildConfigurations = (
				8E004DCE1DDD7FCC00E82C04 /* Debug */,
				8E004DCF1DDD7FCC00E82C04 /* Release */,
			);
			defaultConfigurationIsVisible = 0;
			defaultConfigurationName = Release;
		};
		8E004DD01DDD7FCC00E82C04 /* Build configuration list for PBXNativeTarget "AccordionTests" */ = {
			isa = XCConfigurationList;
			buildConfigurations = (
				8E004DD11DDD7FCC00E82C04 /* Debug */,
				8E004DD21DDD7FCC00E82C04 /* Release */,
			);
			defaultConfigurationIsVisible = 0;
			defaultConfigurationName = Release;
		};
		8E004DD31DDD7FCC00E82C04 /* Build configuration list for PBXNativeTarget "AccordionUITests" */ = {
			isa = XCConfigurationList;
			buildConfigurations = (
				8E004DD41DDD7FCC00E82C04 /* Debug */,
				8E004DD51DDD7FCC00E82C04 /* Release */,
			);
			defaultConfigurationIsVisible = 0;
			defaultConfigurationName = Release;
		};
/* End XCConfigurationList section */
	};
	rootObject = 8E004D9D1DDD7FCC00E82C04 /* Project object */;
}
